<?xml version="1.0" encoding="UTF-8" standalone="yes" ?>
<CodeBlocks_project_file>
	<FileVersion major="1" minor="6" />
	<Project>
		<Option title="projet C" />
		<Option pch_mode="2" />
		<Option compiler="gcc" />
		<Build>
			<Target title="Debug">
				<Option output="bin/Debug/projet C" prefix_auto="1" extension_auto="1" />
				<Option object_output="obj/Debug/" />
				<Option type="1" />
				<Option compiler="gcc" />
				<Compiler>
					<Add option="-g" />
					<Add directory="include" />
				</Compiler>
			</Target>
			<Target title="Release">
				<Option output="bin/Release/projet C" prefix_auto="1" extension_auto="1" />
				<Option object_output="obj/Release/" />
				<Option type="1" />
				<Option compiler="gcc" />
				<Compiler>
					<Add option="-O2" />
					<Add directory="include" />
				</Compiler>
				<Linker>
					<Add option="-s" />
				</Linker>
			</Target>
		</Build>
		<Compiler>
			<Add option="-Wall" />
			<Add option="-fexceptions" />
		</Compiler>
		<Unit filename="include/Camion.h" />
		<Unit filename="include/Centre_visite.h" />
		<Unit filename="include/Employee.h" />
		<Unit filename="include/Personne.h" />
		<Unit filename="include/Proprietaire.h" />
		<Unit filename="include/Vehicule.h" />
		<Unit filename="include/Visite.h" />
		<Unit filename="include/bus.h" />
		<Unit filename="include/couple.h" />
		<Unit filename="include/date.h" />
		<Unit filename="include/triple.h" />
		<Unit filename="include/voiture.h" />
		<Unit filename="include/voiture_Poid_lourd .h" />
		<Unit filename="main.cpp" />
		<Unit filename="src/Camion.cpp" />
		<Unit filename="src/Centre_visite.cpp" />
		<Unit filename="src/Employee.cpp" />
		<Unit filename="src/Personne.cpp" />
		<Unit filename="src/Proprietaire.cpp" />
		<Unit filename="src/Vehicule.cpp" />
		<Unit filename="src/Visite.cpp" />
		<Unit filename="src/bus.cpp" />
		<Unit filename="src/couple.cpp" />
		<Unit filename="src/date.cpp" />
		<Unit filename="src/triple.cpp" />
		<Unit filename="src/voiture.cpp" />
		<Unit filename="src/voiture_Poid_lourd .cpp" />
		<Extensions>
			<lib_finder disable_auto="1" />
		</Extensions>
	</Project>
</CodeBlocks_project_file>
